
Microsoft Visual Studio Solution File, Format Version 12.00
# Visual Studio Version 17
VisualStudioVersion = 17.0.31903.59
MinimumVisualStudioVersion = 10.0.40219.1
Project("{FAE04EC0-301F-11D3-BF4B-00C04F79EFBC}") = "Domain", "Domain\Domain.csproj", "{82FB6D1E-FBDF-4BEC-8DD5-C467F994DA78}"
EndProject
Project("{FAE04EC0-301F-11D3-BF4B-00C04F79EFBC}") = "Application", "Application\Application.csproj", "{DC2E6196-13B6-4540-9AAF-1186F321C25B}"
EndProject
Project("{FAE04EC0-301F-11D3-BF4B-00C04F79EFBC}") = "Infrastructure", "Infrastructure\Infrastructure.csproj", "{5D6D557E-D366-46F0-9DA9-D228ED07E383}"
EndProject
Project("{FAE04EC0-301F-11D3-BF4B-00C04F79EFBC}") = "ApiWeb", "ApiWeb\ApiWeb.csproj", "{9921301A-D35F-4AAF-814E-F08EFAC936DA}"
EndProject
Global
	GlobalSection(SolutionConfigurationPlatforms) = preSolution
		Debug|Any CPU = Debug|Any CPU
		Release|Any CPU = Release|Any CPU
	EndGlobalSection
	GlobalSection(SolutionProperties) = preSolution
		HideSolutionNode = FALSE
	EndGlobalSection
	GlobalSection(ProjectConfigurationPlatforms) = postSolution
		{82FB6D1E-FBDF-4BEC-8DD5-C467F994DA78}.Debug|Any CPU.ActiveCfg = Debug|Any CPU
		{82FB6D1E-FBDF-4BEC-8DD5-C467F994DA78}.Debug|Any CPU.Build.0 = Debug|Any CPU
		{82FB6D1E-FBDF-4BEC-8DD5-C467F994DA78}.Release|Any CPU.ActiveCfg = Release|Any CPU
		{82FB6D1E-FBDF-4BEC-8DD5-C467F994DA78}.Release|Any CPU.Build.0 = Release|Any CPU
		{DC2E6196-13B6-4540-9AAF-1186F321C25B}.Debug|Any CPU.ActiveCfg = Debug|Any CPU
		{DC2E6196-13B6-4540-9AAF-1186F321C25B}.Debug|Any CPU.Build.0 = Debug|Any CPU
		{DC2E6196-13B6-4540-9AAF-1186F321C25B}.Release|Any CPU.ActiveCfg = Release|Any CPU
		{DC2E6196-13B6-4540-9AAF-1186F321C25B}.Release|Any CPU.Build.0 = Release|Any CPU
		{5D6D557E-D366-46F0-9DA9-D228ED07E383}.Debug|Any CPU.ActiveCfg = Debug|Any CPU
		{5D6D557E-D366-46F0-9DA9-D228ED07E383}.Debug|Any CPU.Build.0 = Debug|Any CPU
		{5D6D557E-D366-46F0-9DA9-D228ED07E383}.Release|Any CPU.ActiveCfg = Release|Any CPU
		{5D6D557E-D366-46F0-9DA9-D228ED07E383}.Release|Any CPU.Build.0 = Release|Any CPU
		{9921301A-D35F-4AAF-814E-F08EFAC936DA}.Debug|Any CPU.ActiveCfg = Debug|Any CPU
		{9921301A-D35F-4AAF-814E-F08EFAC936DA}.Debug|Any CPU.Build.0 = Debug|Any CPU
		{9921301A-D35F-4AAF-814E-F08EFAC936DA}.Release|Any CPU.ActiveCfg = Release|Any CPU
		{9921301A-D35F-4AAF-814E-F08EFAC936DA}.Release|Any CPU.Build.0 = Release|Any CPU
	EndGlobalSection
EndGlobal
